{
    "name": "nf-core-pixelator",
    "lockfileVersion": 2,
    "requires": true,
    "packages": {
        "": {
            "dependencies": {
                "editorconfig-checker": "^5.0.1",
                "prettier": "^2.8.3"
            }
        },
        "node_modules/editorconfig-checker": {
            "version": "5.0.1",
            "resolved": "https://registry.npmjs.org/editorconfig-checker/-/editorconfig-checker-5.0.1.tgz",
            "integrity": "sha512-6hXq9VVDkyCxVYKdGtIj+yhVR1fi/6W6Ykz/+kItLPARulJvr2/VXgWZ5OGWx1UYm2RD6XOzWyx1JF6DLgQ/8Q==",
            "bin": {
                "ec": "dist/index.js",
                "editorconfig-checker": "dist/index.js"
            },
            "funding": {
                "type": "buymeacoffee",
                "url": "https://www.buymeacoffee.com/mstruebing"
            }
        },
        "node_modules/prettier": {
            "version": "2.8.3",
            "resolved": "https://registry.npmjs.org/prettier/-/prettier-2.8.3.tgz",
            "integrity": "sha512-tJ/oJ4amDihPoufT5sM0Z1SKEuKay8LfVAMlbbhnnkvt6BUserZylqo2PN+p9KeljLr0OHa2rXHU1T8reeoTrw==",
            "bin": {
                "prettier": "bin-prettier.js"
            },
            "engines": {
                "node": ">=10.13.0"
            },
            "funding": {
                "url": "https://github.com/prettier/prettier?sponsor=1"
            }
        }
    },
    "dependencies": {
        "editorconfig-checker": {
            "version": "5.0.1",
            "resolved": "https://registry.npmjs.org/editorconfig-checker/-/editorconfig-checker-5.0.1.tgz",
            "integrity": "sha512-6hXq9VVDkyCxVYKdGtIj+yhVR1fi/6W6Ykz/+kItLPARulJvr2/VXgWZ5OGWx1UYm2RD6XOzWyx1JF6DLgQ/8Q=="
        },
        "prettier": {
            "version": "2.8.3",
            "resolved": "https://registry.npmjs.org/prettier/-/prettier-2.8.3.tgz",
            "integrity": "sha512-tJ/oJ4amDihPoufT5sM0Z1SKEuKay8LfVAMlbbhnnkvt6BUserZylqo2PN+p9KeljLr0OHa2rXHU1T8reeoTrw=="
        }
    }
}
