# THIS IS AN AUTOGENERATED FILE. DO NOT EDIT THIS FILE DIRECTLY.
# yarn lockfile v1


editorconfig-checker@^5.0.1:
  version "5.0.1"
  resolved "https://registry.npmjs.org/editorconfig-checker/-/editorconfig-checker-5.0.1.tgz"
  integrity sha512-6hXq9VVDkyCxVYKdGtIj+yhVR1fi/6W6Ykz/+kItLPARulJvr2/VXgWZ5OGWx1UYm2RD6XOzWyx1JF6DLgQ/8Q==

prettier@^2.8.3:
  version "2.8.3"
  resolved "https://registry.npmjs.org/prettier/-/prettier-2.8.3.tgz"
  integrity sha512-tJ/oJ4amDihPoufT5sM0Z1SKEuKay8LfVAMlbbhnnkvt6BUserZylqo2PN+p9KeljLr0OHa2rXHU1T8reeoTrw==
